
Microsoft Visual Studio Solution File, Format Version 12.00
# Visual Studio Version 17
VisualStudioVersion = 17.5.33516.290
MinimumVisualStudioVersion = 10.0.40219.1
Project("{FAE04EC0-301F-11D3-BF4B-00C04F79EFBC}") = "Tutor_SP23_BL2_NET104", "Tutor_SP23_BL2_NET104\Tutor_SP23_BL2_NET104.csproj", "{E1800404-CFCD-470A-AE98-5EFEE34EC7D7}"
EndProject
Global
	GlobalSection(SolutionConfigurationPlatforms) = preSolution
		Debug|Any CPU = Debug|Any CPU
		Release|Any CPU = Release|Any CPU
	EndGlobalSection
	GlobalSection(ProjectConfigurationPlatforms) = postSolution
		{E1800404-CFCD-470A-AE98-5EFEE34EC7D7}.Debug|Any CPU.ActiveCfg = Debug|Any CPU
		{E1800404-CFCD-470A-AE98-5EFEE34EC7D7}.Debug|Any CPU.Build.0 = Debug|Any CPU
		{E1800404-CFCD-470A-AE98-5EFEE34EC7D7}.Release|Any CPU.ActiveCfg = Release|Any CPU
		{E1800404-CFCD-470A-AE98-5EFEE34EC7D7}.Release|Any CPU.Build.0 = Release|Any CPU
	EndGlobalSection
	GlobalSection(SolutionProperties) = preSolution
		HideSolutionNode = FALSE
	EndGlobalSection
	GlobalSection(ExtensibilityGlobals) = postSolution
		SolutionGuid = {A63F8C9A-8E2B-490D-8687-6E4BEAD9A698}
	EndGlobalSection
EndGlobal
